
Microsoft Visual Studio Solution File, Format Version 12.00
# Visual Studio 15
VisualStudioVersion = 15.0.27703.2047
MinimumVisualStudioVersion = 10.0.40219.1
Project("{FAE04EC0-301F-11D3-BF4B-00C04F79EFBC}") = "EssentialTools", "EssentialTools\EssentialTools.csproj", "{A32BC1E6-3E12-4C77-8484-5B144F5899B5}"
EndProject
Project("{FAE04EC0-301F-11D3-BF4B-00C04F79EFBC}") = "EssentialTools.Test", "EssentialTools.Test\EssentialTools.Test.csproj", "{41A79BB5-E44E-4DE4-B425-6566E87DF8CB}"
EndProject
Global
	GlobalSection(SolutionConfigurationPlatforms) = preSolution
		Debug|Any CPU = Debug|Any CPU
		Debug|ARM = Debug|ARM
		Debug|x64 = Debug|x64
		Debug|x86 = Debug|x86
		Release|Any CPU = Release|Any CPU
		Release|ARM = Release|ARM
		Release|x64 = Release|x64
		Release|x86 = Release|x86
	EndGlobalSection
	GlobalSection(ProjectConfigurationPlatforms) = postSolution
		{A32BC1E6-3E12-4C77-8484-5B144F5899B5}.Debug|Any CPU.ActiveCfg = Debug|Any CPU
		{A32BC1E6-3E12-4C77-8484-5B144F5899B5}.Debug|Any CPU.Build.0 = Debug|Any CPU
		{A32BC1E6-3E12-4C77-8484-5B144F5899B5}.Debug|ARM.ActiveCfg = Debug|Any CPU
		{A32BC1E6-3E12-4C77-8484-5B144F5899B5}.Debug|ARM.Build.0 = Debug|Any CPU
		{A32BC1E6-3E12-4C77-8484-5B144F5899B5}.Debug|x64.ActiveCfg = Debug|Any CPU
		{A32BC1E6-3E12-4C77-8484-5B144F5899B5}.Debug|x64.Build.0 = Debug|Any CPU
		{A32BC1E6-3E12-4C77-8484-5B144F5899B5}.Debug|x86.ActiveCfg = Debug|Any CPU
		{A32BC1E6-3E12-4C77-8484-5B144F5899B5}.Debug|x86.Build.0 = Debug|Any CPU
		{A32BC1E6-3E12-4C77-8484-5B144F5899B5}.Release|Any CPU.ActiveCfg = Release|Any CPU
		{A32BC1E6-3E12-4C77-8484-5B144F5899B5}.Release|Any CPU.Build.0 = Release|Any CPU
		{A32BC1E6-3E12-4C77-8484-5B144F5899B5}.Release|ARM.ActiveCfg = Release|Any CPU
		{A32BC1E6-3E12-4C77-8484-5B144F5899B5}.Release|ARM.Build.0 = Release|Any CPU
		{A32BC1E6-3E12-4C77-8484-5B144F5899B5}.Release|x64.ActiveCfg = Release|Any CPU
		{A32BC1E6-3E12-4C77-8484-5B144F5899B5}.Release|x64.Build.0 = Release|Any CPU
		{A32BC1E6-3E12-4C77-8484-5B144F5899B5}.Release|x86.ActiveCfg = Release|Any CPU
		{A32BC1E6-3E12-4C77-8484-5B144F5899B5}.Release|x86.Build.0 = Release|Any CPU
		{41A79BB5-E44E-4DE4-B425-6566E87DF8CB}.Debug|Any CPU.ActiveCfg = Debug|Any CPU
		{41A79BB5-E44E-4DE4-B425-6566E87DF8CB}.Debug|Any CPU.Build.0 = Debug|Any CPU
		{41A79BB5-E44E-4DE4-B425-6566E87DF8CB}.Debug|ARM.ActiveCfg = Debug|Any CPU
		{41A79BB5-E44E-4DE4-B425-6566E87DF8CB}.Debug|ARM.Build.0 = Debug|Any CPU
		{41A79BB5-E44E-4DE4-B425-6566E87DF8CB}.Debug|x64.ActiveCfg = Debug|Any CPU
		{41A79BB5-E44E-4DE4-B425-6566E87DF8CB}.Debug|x64.Build.0 = Debug|Any CPU
		{41A79BB5-E44E-4DE4-B425-6566E87DF8CB}.Debug|x86.ActiveCfg = Debug|Any CPU
		{41A79BB5-E44E-4DE4-B425-6566E87DF8CB}.Debug|x86.Build.0 = Debug|Any CPU
		{41A79BB5-E44E-4DE4-B425-6566E87DF8CB}.Release|Any CPU.ActiveCfg = Release|Any CPU
		{41A79BB5-E44E-4DE4-B425-6566E87DF8CB}.Release|Any CPU.Build.0 = Release|Any CPU
		{41A79BB5-E44E-4DE4-B425-6566E87DF8CB}.Release|ARM.ActiveCfg = Release|Any CPU
		{41A79BB5-E44E-4DE4-B425-6566E87DF8CB}.Release|ARM.Build.0 = Release|Any CPU
		{41A79BB5-E44E-4DE4-B425-6566E87DF8CB}.Release|x64.ActiveCfg = Release|Any CPU
		{41A79BB5-E44E-4DE4-B425-6566E87DF8CB}.Release|x64.Build.0 = Release|Any CPU
		{41A79BB5-E44E-4DE4-B425-6566E87DF8CB}.Release|x86.ActiveCfg = Release|Any CPU
		{41A79BB5-E44E-4DE4-B425-6566E87DF8CB}.Release|x86.Build.0 = Release|Any CPU
	EndGlobalSection
	GlobalSection(SolutionProperties) = preSolution
		HideSolutionNode = FALSE
	EndGlobalSection
	GlobalSection(ExtensibilityGlobals) = postSolution
		SolutionGuid = {3A0511B4-570C-478C-A544-0536C15BE55E}
	EndGlobalSection
EndGlobal
